
Microsoft Visual Studio Solution File, Format Version 12.00
# Visual Studio Version 16
VisualStudioVersion = 16.0.30523.141
MinimumVisualStudioVersion = 10.0.40219.1
Project("{FAE04EC0-301F-11D3-BF4B-00C04F79EFBC}") = "Cashier App", "Cashier App\Cashier App.csproj", "{30C16427-6689-4BAB-A916-0451927BEDF5}"
EndProject
Global
	GlobalSection(SolutionConfigurationPlatforms) = preSolution
		Debug|Any CPU = Debug|Any CPU
		Release|Any CPU = Release|Any CPU
	EndGlobalSection
	GlobalSection(ProjectConfigurationPlatforms) = postSolution
		{30C16427-6689-4BAB-A916-0451927BEDF5}.Debug|Any CPU.ActiveCfg = Debug|Any CPU
		{30C16427-6689-4BAB-A916-0451927BEDF5}.Debug|Any CPU.Build.0 = Debug|Any CPU
		{30C16427-6689-4BAB-A916-0451927BEDF5}.Release|Any CPU.ActiveCfg = Release|Any CPU
		{30C16427-6689-4BAB-A916-0451927BEDF5}.Release|Any CPU.Build.0 = Release|Any CPU
	EndGlobalSection
	GlobalSection(SolutionProperties) = preSolution
		HideSolutionNode = FALSE
	EndGlobalSection
	GlobalSection(ExtensibilityGlobals) = postSolution
		SolutionGuid = {F3933CA3-9E92-4CB4-BA5B-C5B18ABE418E}
	EndGlobalSection
EndGlobal
